
Microsoft Visual Studio Solution File, Format Version 12.00
# Visual Studio Version 17
VisualStudioVersion = 17.5.002.0
MinimumVisualStudioVersion = 10.0.40219.1
Project("{9A19103F-16F7-4668-BE54-9A1E7A4F7556}") = "Api", "Api\Api.csproj", "{7B63D350-6CE9-4AA5-8E2C-521493F1386C}"
EndProject
Project("{FAE04EC0-301F-11D3-BF4B-00C04F79EFBC}") = "Domain", "Domain\Domain.csproj", "{0E716CEF-92E3-4E4F-9C8E-8812EBAE3E32}"
EndProject
Project("{FAE04EC0-301F-11D3-BF4B-00C04F79EFBC}") = "SharedKernel", "SharedKernel\SharedKernel.csproj", "{624148CB-0B22-4AF7-83A7-C722D78E91F6}"
EndProject
Global
	GlobalSection(SolutionConfigurationPlatforms) = preSolution
		Debug|Any CPU = Debug|Any CPU
		Release|Any CPU = Release|Any CPU
	EndGlobalSection
	GlobalSection(ProjectConfigurationPlatforms) = postSolution
		{7B63D350-6CE9-4AA5-8E2C-521493F1386C}.Debug|Any CPU.ActiveCfg = Debug|Any CPU
		{7B63D350-6CE9-4AA5-8E2C-521493F1386C}.Debug|Any CPU.Build.0 = Debug|Any CPU
		{7B63D350-6CE9-4AA5-8E2C-521493F1386C}.Release|Any CPU.ActiveCfg = Release|Any CPU
		{7B63D350-6CE9-4AA5-8E2C-521493F1386C}.Release|Any CPU.Build.0 = Release|Any CPU
		{0E716CEF-92E3-4E4F-9C8E-8812EBAE3E32}.Debug|Any CPU.ActiveCfg = Debug|Any CPU
		{0E716CEF-92E3-4E4F-9C8E-8812EBAE3E32}.Debug|Any CPU.Build.0 = Debug|Any CPU
		{0E716CEF-92E3-4E4F-9C8E-8812EBAE3E32}.Release|Any CPU.ActiveCfg = Release|Any CPU
		{0E716CEF-92E3-4E4F-9C8E-8812EBAE3E32}.Release|Any CPU.Build.0 = Release|Any CPU
		{624148CB-0B22-4AF7-83A7-C722D78E91F6}.Debug|Any CPU.ActiveCfg = Debug|Any CPU
		{624148CB-0B22-4AF7-83A7-C722D78E91F6}.Debug|Any CPU.Build.0 = Debug|Any CPU
		{624148CB-0B22-4AF7-83A7-C722D78E91F6}.Release|Any CPU.ActiveCfg = Release|Any CPU
		{624148CB-0B22-4AF7-83A7-C722D78E91F6}.Release|Any CPU.Build.0 = Release|Any CPU
	EndGlobalSection
	GlobalSection(SolutionProperties) = preSolution
		HideSolutionNode = FALSE
	EndGlobalSection
	GlobalSection(ExtensibilityGlobals) = postSolution
		SolutionGuid = {B8965ED6-20CD-407B-A791-CDF2C918F0B3}
	EndGlobalSection
EndGlobal
